
Microsoft Visual Studio Solution File, Format Version 12.00
# Visual Studio 15
VisualStudioVersion = 15.0.28307.421
MinimumVisualStudioVersion = 10.0.40219.1
Project("{2150E333-8FDC-42A3-9474-1A3956D46DE8}") = "BuildingBlock", "BuildingBlock", "{FF4787B5-3C04-462D-BEE5-EE6C956C7865}"
EndProject
Project("{2150E333-8FDC-42A3-9474-1A3956D46DE8}") = "EventBus", "EventBus", "{B596F33B-FA07-4793-988C-421196A6FF72}"
EndProject
Project("{9A19103F-16F7-4668-BE54-9A1E7A4F7556}") = "EventBus", "src\BuildingBlocks\EventBus\EventBus\EventBus.csproj", "{8F3C1793-DBDF-45D5-8EBC-964F1C8F5592}"
EndProject
Project("{9A19103F-16F7-4668-BE54-9A1E7A4F7556}") = "EventBusRabbitMQ", "src\BuildingBlocks\EventBus\EventBusRabbitMQ\EventBusRabbitMQ.csproj", "{9A37E516-5370-49C7-857C-913320D8E136}"
EndProject
Project("{9A19103F-16F7-4668-BE54-9A1E7A4F7556}") = "IntegrationEventLogEF", "src\BuildingBlocks\EventBus\IntegrationEventLogEF\IntegrationEventLogEF.csproj", "{B9CE7687-7FA5-46D8-A461-91686FFF647D}"
EndProject
Project("{2150E333-8FDC-42A3-9474-1A3956D46DE8}") = "src", "src", "{8F7669F0-F076-4A4E-88AA-12017B5006C1}"
EndProject
Project("{2150E333-8FDC-42A3-9474-1A3956D46DE8}") = "Services", "Services", "{E6420BE8-5165-417C-8792-745F12FEB8A7}"
EndProject
Project("{2150E333-8FDC-42A3-9474-1A3956D46DE8}") = "WhiskyRecording", "WhiskyRecording", "{EF7E6D14-5585-4C38-B4A1-4C5E60596152}"
EndProject
Project("{9A19103F-16F7-4668-BE54-9A1E7A4F7556}") = "WhiskyRecording.Domain", "src\Services\WhiskyRecording\WhiskyRecording.Domain\WhiskyRecording.Domain.csproj", "{AF7B1ABD-4040-4FA9-A102-29B9DAD4A93B}"
EndProject
Project("{9A19103F-16F7-4668-BE54-9A1E7A4F7556}") = "WhiskyRecording.Infrastructure", "src\Services\WhiskyRecording\WhiskyRecording.Infrastructure\WhiskyRecording.Infrastructure.csproj", "{AFFB667D-A5EA-4CCC-B330-308D2D6F89BC}"
EndProject
Project("{9A19103F-16F7-4668-BE54-9A1E7A4F7556}") = "WhiskyRecording.API", "src\Services\WhiskyRecording\WhiskyRecording.API\WhiskyRecording.API.csproj", "{3B18C260-32C8-4051-8B71-5928FF596D57}"
EndProject
Project("{E53339B2-1760-4266-BCC7-CA923CBCF16C}") = "docker-compose", "docker-compose.dcproj", "{5C86FCF6-BF51-4FE0-B4D6-844B24DEFBBF}"
EndProject
Project("{2150E333-8FDC-42A3-9474-1A3956D46DE8}") = "Identity", "Identity", "{3007CF98-3FB4-4F77-963B-081537184ED1}"
EndProject
Project("{9A19103F-16F7-4668-BE54-9A1E7A4F7556}") = "Identity.API", "src\Services\Identity\Identity.API\Identity.API.csproj", "{D11475CB-4348-447A-98AA-F2D29C2EEE97}"
EndProject
Project("{2150E333-8FDC-42A3-9474-1A3956D46DE8}") = "WebHost", "WebHost", "{D8C596F5-5C50-4299-8800-25897EE711CF}"
EndProject
Project("{9A19103F-16F7-4668-BE54-9A1E7A4F7556}") = "WebHost.Customization", "src\BuildingBlocks\WebHost\WebHost.Customization\WebHost.Customization.csproj", "{1D985FCE-05DF-40E6-9078-73B8850ABB50}"
EndProject
Project("{2150E333-8FDC-42A3-9474-1A3956D46DE8}") = "Web Apps", "Web Apps", "{C6015663-2101-439A-87FB-A7329C193F85}"
EndProject
Project("{9A19103F-16F7-4668-BE54-9A1E7A4F7556}") = "WebMVC", "src\Web\WebMVC\WebMVC.csproj", "{21F77AB2-1574-46DF-ADBB-C725C365F9A0}"
EndProject
Project("{2150E333-8FDC-42A3-9474-1A3956D46DE8}") = "ApiGateways", "ApiGateways", "{42CBCCF0-EA66-4CCA-BF49-E11444AFC6BD}"
EndProject
Project("{2150E333-8FDC-42A3-9474-1A3956D46DE8}") = "ApiGw-Base", "ApiGw-Base", "{22876C7E-6ED5-4203-A4A3-B33E055A1FDF}"
EndProject
Project("{9A19103F-16F7-4668-BE54-9A1E7A4F7556}") = "OcelotApiGw", "src\ApiGateways\ApiGw-Base\OcelotApiGw\OcelotApiGw.csproj", "{B38B966A-76FA-4663-B1E3-63168F6BA1FC}"
EndProject
Project("{2150E333-8FDC-42A3-9474-1A3956D46DE8}") = "Web.Bff.WhiskyArchive", "Web.Bff.WhiskyArchive", "{F45D8030-86B9-4C45-BA8C-42A7D48E782D}"
	ProjectSection(SolutionItems) = preProject
		src\ApiGateways\Web.Bff.WhiskyArchive\apigw\configuration.json = src\ApiGateways\Web.Bff.WhiskyArchive\apigw\configuration.json
	EndProjectSection
	ProjectSection(FolderGlobals) = preProject
		__JSONSchema = http://json.schemastore.org/bowerrc
	EndProjectSection
EndProject
Project("{9A19103F-16F7-4668-BE54-9A1E7A4F7556}") = "Web.WhiskyArchive.HttpAggregator", "src\ApiGateways\Web.Bff.WhiskyArchive\Web.WhiskyArchive.HttpAggregator\Web.WhiskyArchive.HttpAggregator.csproj", "{F5261BE5-45A6-44DF-B61D-1D657F5E2F61}"
EndProject
Project("{2150E333-8FDC-42A3-9474-1A3956D46DE8}") = "Solution Items", "Solution Items", "{54BF8C75-1BCC-4C1D-9C24-44619540E847}"
	ProjectSection(SolutionItems) = preProject
		docker-compose.kube.yaml = docker-compose.kube.yaml
	EndProjectSection
EndProject
Global
	GlobalSection(SolutionConfigurationPlatforms) = preSolution
		Debug|Any CPU = Debug|Any CPU
		Release|Any CPU = Release|Any CPU
	EndGlobalSection
	GlobalSection(ProjectConfigurationPlatforms) = postSolution
		{8F3C1793-DBDF-45D5-8EBC-964F1C8F5592}.Debug|Any CPU.ActiveCfg = Debug|Any CPU
		{8F3C1793-DBDF-45D5-8EBC-964F1C8F5592}.Debug|Any CPU.Build.0 = Debug|Any CPU
		{8F3C1793-DBDF-45D5-8EBC-964F1C8F5592}.Release|Any CPU.ActiveCfg = Release|Any CPU
		{8F3C1793-DBDF-45D5-8EBC-964F1C8F5592}.Release|Any CPU.Build.0 = Release|Any CPU
		{9A37E516-5370-49C7-857C-913320D8E136}.Debug|Any CPU.ActiveCfg = Debug|Any CPU
		{9A37E516-5370-49C7-857C-913320D8E136}.Debug|Any CPU.Build.0 = Debug|Any CPU
		{9A37E516-5370-49C7-857C-913320D8E136}.Release|Any CPU.ActiveCfg = Release|Any CPU
		{9A37E516-5370-49C7-857C-913320D8E136}.Release|Any CPU.Build.0 = Release|Any CPU
		{B9CE7687-7FA5-46D8-A461-91686FFF647D}.Debug|Any CPU.ActiveCfg = Debug|Any CPU
		{B9CE7687-7FA5-46D8-A461-91686FFF647D}.Debug|Any CPU.Build.0 = Debug|Any CPU
		{B9CE7687-7FA5-46D8-A461-91686FFF647D}.Release|Any CPU.ActiveCfg = Release|Any CPU
		{B9CE7687-7FA5-46D8-A461-91686FFF647D}.Release|Any CPU.Build.0 = Release|Any CPU
		{AF7B1ABD-4040-4FA9-A102-29B9DAD4A93B}.Debug|Any CPU.ActiveCfg = Debug|Any CPU
		{AF7B1ABD-4040-4FA9-A102-29B9DAD4A93B}.Debug|Any CPU.Build.0 = Debug|Any CPU
		{AF7B1ABD-4040-4FA9-A102-29B9DAD4A93B}.Release|Any CPU.ActiveCfg = Release|Any CPU
		{AF7B1ABD-4040-4FA9-A102-29B9DAD4A93B}.Release|Any CPU.Build.0 = Release|Any CPU
		{AFFB667D-A5EA-4CCC-B330-308D2D6F89BC}.Debug|Any CPU.ActiveCfg = Debug|Any CPU
		{AFFB667D-A5EA-4CCC-B330-308D2D6F89BC}.Debug|Any CPU.Build.0 = Debug|Any CPU
		{AFFB667D-A5EA-4CCC-B330-308D2D6F89BC}.Release|Any CPU.ActiveCfg = Release|Any CPU
		{AFFB667D-A5EA-4CCC-B330-308D2D6F89BC}.Release|Any CPU.Build.0 = Release|Any CPU
		{3B18C260-32C8-4051-8B71-5928FF596D57}.Debug|Any CPU.ActiveCfg = Debug|Any CPU
		{3B18C260-32C8-4051-8B71-5928FF596D57}.Debug|Any CPU.Build.0 = Debug|Any CPU
		{3B18C260-32C8-4051-8B71-5928FF596D57}.Release|Any CPU.ActiveCfg = Release|Any CPU
		{3B18C260-32C8-4051-8B71-5928FF596D57}.Release|Any CPU.Build.0 = Release|Any CPU
		{5C86FCF6-BF51-4FE0-B4D6-844B24DEFBBF}.Debug|Any CPU.ActiveCfg = Debug|Any CPU
		{5C86FCF6-BF51-4FE0-B4D6-844B24DEFBBF}.Debug|Any CPU.Build.0 = Debug|Any CPU
		{5C86FCF6-BF51-4FE0-B4D6-844B24DEFBBF}.Release|Any CPU.ActiveCfg = Release|Any CPU
		{5C86FCF6-BF51-4FE0-B4D6-844B24DEFBBF}.Release|Any CPU.Build.0 = Release|Any CPU
		{D11475CB-4348-447A-98AA-F2D29C2EEE97}.Debug|Any CPU.ActiveCfg = Debug|Any CPU
		{D11475CB-4348-447A-98AA-F2D29C2EEE97}.Debug|Any CPU.Build.0 = Debug|Any CPU
		{D11475CB-4348-447A-98AA-F2D29C2EEE97}.Release|Any CPU.ActiveCfg = Release|Any CPU
		{D11475CB-4348-447A-98AA-F2D29C2EEE97}.Release|Any CPU.Build.0 = Release|Any CPU
		{1D985FCE-05DF-40E6-9078-73B8850ABB50}.Debug|Any CPU.ActiveCfg = Debug|Any CPU
		{1D985FCE-05DF-40E6-9078-73B8850ABB50}.Debug|Any CPU.Build.0 = Debug|Any CPU
		{1D985FCE-05DF-40E6-9078-73B8850ABB50}.Release|Any CPU.ActiveCfg = Release|Any CPU
		{1D985FCE-05DF-40E6-9078-73B8850ABB50}.Release|Any CPU.Build.0 = Release|Any CPU
		{21F77AB2-1574-46DF-ADBB-C725C365F9A0}.Debug|Any CPU.ActiveCfg = Debug|Any CPU
		{21F77AB2-1574-46DF-ADBB-C725C365F9A0}.Debug|Any CPU.Build.0 = Debug|Any CPU
		{21F77AB2-1574-46DF-ADBB-C725C365F9A0}.Release|Any CPU.ActiveCfg = Release|Any CPU
		{21F77AB2-1574-46DF-ADBB-C725C365F9A0}.Release|Any CPU.Build.0 = Release|Any CPU
		{B38B966A-76FA-4663-B1E3-63168F6BA1FC}.Debug|Any CPU.ActiveCfg = Debug|Any CPU
		{B38B966A-76FA-4663-B1E3-63168F6BA1FC}.Debug|Any CPU.Build.0 = Debug|Any CPU
		{B38B966A-76FA-4663-B1E3-63168F6BA1FC}.Release|Any CPU.ActiveCfg = Release|Any CPU
		{B38B966A-76FA-4663-B1E3-63168F6BA1FC}.Release|Any CPU.Build.0 = Release|Any CPU
		{F5261BE5-45A6-44DF-B61D-1D657F5E2F61}.Debug|Any CPU.ActiveCfg = Debug|Any CPU
		{F5261BE5-45A6-44DF-B61D-1D657F5E2F61}.Debug|Any CPU.Build.0 = Debug|Any CPU
		{F5261BE5-45A6-44DF-B61D-1D657F5E2F61}.Release|Any CPU.ActiveCfg = Release|Any CPU
		{F5261BE5-45A6-44DF-B61D-1D657F5E2F61}.Release|Any CPU.Build.0 = Release|Any CPU
	EndGlobalSection
	GlobalSection(SolutionProperties) = preSolution
		HideSolutionNode = FALSE
	EndGlobalSection
	GlobalSection(NestedProjects) = preSolution
		{FF4787B5-3C04-462D-BEE5-EE6C956C7865} = {8F7669F0-F076-4A4E-88AA-12017B5006C1}
		{B596F33B-FA07-4793-988C-421196A6FF72} = {FF4787B5-3C04-462D-BEE5-EE6C956C7865}
		{8F3C1793-DBDF-45D5-8EBC-964F1C8F5592} = {B596F33B-FA07-4793-988C-421196A6FF72}
		{9A37E516-5370-49C7-857C-913320D8E136} = {B596F33B-FA07-4793-988C-421196A6FF72}
		{B9CE7687-7FA5-46D8-A461-91686FFF647D} = {B596F33B-FA07-4793-988C-421196A6FF72}
		{E6420BE8-5165-417C-8792-745F12FEB8A7} = {8F7669F0-F076-4A4E-88AA-12017B5006C1}
		{EF7E6D14-5585-4C38-B4A1-4C5E60596152} = {E6420BE8-5165-417C-8792-745F12FEB8A7}
		{AF7B1ABD-4040-4FA9-A102-29B9DAD4A93B} = {EF7E6D14-5585-4C38-B4A1-4C5E60596152}
		{AFFB667D-A5EA-4CCC-B330-308D2D6F89BC} = {EF7E6D14-5585-4C38-B4A1-4C5E60596152}
		{3B18C260-32C8-4051-8B71-5928FF596D57} = {EF7E6D14-5585-4C38-B4A1-4C5E60596152}
		{3007CF98-3FB4-4F77-963B-081537184ED1} = {E6420BE8-5165-417C-8792-745F12FEB8A7}
		{D11475CB-4348-447A-98AA-F2D29C2EEE97} = {3007CF98-3FB4-4F77-963B-081537184ED1}
		{D8C596F5-5C50-4299-8800-25897EE711CF} = {FF4787B5-3C04-462D-BEE5-EE6C956C7865}
		{1D985FCE-05DF-40E6-9078-73B8850ABB50} = {D8C596F5-5C50-4299-8800-25897EE711CF}
		{C6015663-2101-439A-87FB-A7329C193F85} = {8F7669F0-F076-4A4E-88AA-12017B5006C1}
		{21F77AB2-1574-46DF-ADBB-C725C365F9A0} = {C6015663-2101-439A-87FB-A7329C193F85}
		{42CBCCF0-EA66-4CCA-BF49-E11444AFC6BD} = {8F7669F0-F076-4A4E-88AA-12017B5006C1}
		{22876C7E-6ED5-4203-A4A3-B33E055A1FDF} = {42CBCCF0-EA66-4CCA-BF49-E11444AFC6BD}
		{B38B966A-76FA-4663-B1E3-63168F6BA1FC} = {22876C7E-6ED5-4203-A4A3-B33E055A1FDF}
		{F45D8030-86B9-4C45-BA8C-42A7D48E782D} = {42CBCCF0-EA66-4CCA-BF49-E11444AFC6BD}
		{F5261BE5-45A6-44DF-B61D-1D657F5E2F61} = {F45D8030-86B9-4C45-BA8C-42A7D48E782D}
	EndGlobalSection
	GlobalSection(ExtensibilityGlobals) = postSolution
		SolutionGuid = {839D0EFD-FB94-43F4-A593-7326CDD97830}
	EndGlobalSection
EndGlobal
